
Microsoft Visual Studio Solution File, Format Version 12.00
# Visual Studio Version 17
VisualStudioVersion = 17.3.32819.101
MinimumVisualStudioVersion = 10.0.40219.1
Project("{FAE04EC0-301F-11D3-BF4B-00C04F79EFBC}") = "tugas_pbo_pr", "tugas_pbo_pr\tugas_pbo_pr.csproj", "{CCA143DF-D1D7-4F81-B4DE-38E0376AFAAA}"
EndProject
Global
	GlobalSection(SolutionConfigurationPlatforms) = preSolution
		Debug|Any CPU = Debug|Any CPU
		Release|Any CPU = Release|Any CPU
	EndGlobalSection
	GlobalSection(ProjectConfigurationPlatforms) = postSolution
		{CCA143DF-D1D7-4F81-B4DE-38E0376AFAAA}.Debug|Any CPU.ActiveCfg = Debug|Any CPU
		{CCA143DF-D1D7-4F81-B4DE-38E0376AFAAA}.Debug|Any CPU.Build.0 = Debug|Any CPU
		{CCA143DF-D1D7-4F81-B4DE-38E0376AFAAA}.Release|Any CPU.ActiveCfg = Release|Any CPU
		{CCA143DF-D1D7-4F81-B4DE-38E0376AFAAA}.Release|Any CPU.Build.0 = Release|Any CPU
	EndGlobalSection
	GlobalSection(SolutionProperties) = preSolution
		HideSolutionNode = FALSE
	EndGlobalSection
	GlobalSection(ExtensibilityGlobals) = postSolution
		SolutionGuid = {EF5D5BAA-FED3-4E5B-ADCE-EEDFD9B6F384}
	EndGlobalSection
EndGlobal
